
Microsoft Visual Studio Solution File, Format Version 12.00
# Visual Studio Version 17
VisualStudioVersion = 17.8.34004.107
MinimumVisualStudioVersion = 10.0.40219.1
Project("{FAE04EC0-301F-11D3-BF4B-00C04F79EFBC}") = "PrograminExercise3", "PrograminExercise3\PrograminExercise3.csproj", "{FE746EB5-2B74-4DF9-8DEB-7EF1030BFEFE}"
EndProject
Global
	GlobalSection(SolutionConfigurationPlatforms) = preSolution
		Debug|Any CPU = Debug|Any CPU
		Release|Any CPU = Release|Any CPU
	EndGlobalSection
	GlobalSection(ProjectConfigurationPlatforms) = postSolution
		{FE746EB5-2B74-4DF9-8DEB-7EF1030BFEFE}.Debug|Any CPU.ActiveCfg = Debug|Any CPU
		{FE746EB5-2B74-4DF9-8DEB-7EF1030BFEFE}.Debug|Any CPU.Build.0 = Debug|Any CPU
		{FE746EB5-2B74-4DF9-8DEB-7EF1030BFEFE}.Release|Any CPU.ActiveCfg = Release|Any CPU
		{FE746EB5-2B74-4DF9-8DEB-7EF1030BFEFE}.Release|Any CPU.Build.0 = Release|Any CPU
	EndGlobalSection
	GlobalSection(SolutionProperties) = preSolution
		HideSolutionNode = FALSE
	EndGlobalSection
	GlobalSection(ExtensibilityGlobals) = postSolution
		SolutionGuid = {3E195D60-EBF5-4AE0-A8C8-18D52DD4A2FE}
	EndGlobalSection
EndGlobal
