
Microsoft Visual Studio Solution File, Format Version 12.00
# Visual Studio Version 17
VisualStudioVersion = 17.8.34004.107
MinimumVisualStudioVersion = 10.0.40219.1
Project("{FAE04EC0-301F-11D3-BF4B-00C04F79EFBC}") = "ProgramingExercise7", "ProgramingExercise7\ProgramingExercise7.csproj", "{3E360A29-F01C-41BB-A957-A92963EA67E8}"
EndProject
Global
	GlobalSection(SolutionConfigurationPlatforms) = preSolution
		Debug|Any CPU = Debug|Any CPU
		Release|Any CPU = Release|Any CPU
	EndGlobalSection
	GlobalSection(ProjectConfigurationPlatforms) = postSolution
		{3E360A29-F01C-41BB-A957-A92963EA67E8}.Debug|Any CPU.ActiveCfg = Debug|Any CPU
		{3E360A29-F01C-41BB-A957-A92963EA67E8}.Debug|Any CPU.Build.0 = Debug|Any CPU
		{3E360A29-F01C-41BB-A957-A92963EA67E8}.Release|Any CPU.ActiveCfg = Release|Any CPU
		{3E360A29-F01C-41BB-A957-A92963EA67E8}.Release|Any CPU.Build.0 = Release|Any CPU
	EndGlobalSection
	GlobalSection(SolutionProperties) = preSolution
		HideSolutionNode = FALSE
	EndGlobalSection
	GlobalSection(ExtensibilityGlobals) = postSolution
		SolutionGuid = {14FB65F8-06CE-43E0-906A-1AA8D888A2A1}
	EndGlobalSection
EndGlobal
