
Microsoft Visual Studio Solution File, Format Version 12.00
# Visual Studio Version 17
VisualStudioVersion = 17.8.34004.107
MinimumVisualStudioVersion = 10.0.40219.1
Project("{FAE04EC0-301F-11D3-BF4B-00C04F79EFBC}") = "CatInfo", "CatInfo\CatInfo.csproj", "{152B2091-EDD3-4A6D-A9E3-019DDFB6CB88}"
EndProject
Global
	GlobalSection(SolutionConfigurationPlatforms) = preSolution
		Debug|Any CPU = Debug|Any CPU
		Release|Any CPU = Release|Any CPU
	EndGlobalSection
	GlobalSection(ProjectConfigurationPlatforms) = postSolution
		{152B2091-EDD3-4A6D-A9E3-019DDFB6CB88}.Debug|Any CPU.ActiveCfg = Debug|Any CPU
		{152B2091-EDD3-4A6D-A9E3-019DDFB6CB88}.Debug|Any CPU.Build.0 = Debug|Any CPU
		{152B2091-EDD3-4A6D-A9E3-019DDFB6CB88}.Release|Any CPU.ActiveCfg = Release|Any CPU
		{152B2091-EDD3-4A6D-A9E3-019DDFB6CB88}.Release|Any CPU.Build.0 = Release|Any CPU
	EndGlobalSection
	GlobalSection(SolutionProperties) = preSolution
		HideSolutionNode = FALSE
	EndGlobalSection
	GlobalSection(ExtensibilityGlobals) = postSolution
		SolutionGuid = {50569D4D-1AA9-453B-85DC-A2DAE7114FA3}
	EndGlobalSection
EndGlobal
